{
  "version": 4,
  "terraform_version": "1.6.5",
  "serial": 12,
  "lineage": "0e02db9c-eeaf-f56a-3075-7ce69d7c0a25",
  "outputs": {},
  "resources": [
    {
      "mode": "managed",
      "type": "aws_vpc",
      "name": "default",
      "provider": "provider[\"registry.terraform.io/hashicorp/aws\"]",
      "instances": [
        {
          "schema_version": 1,
          "attributes": {
            "arn": "arn:aws:ec2:us-east-1:761421355173:vpc/vpc-08f6559567556fd7d",
            "assign_generated_ipv6_cidr_block": false,
            "cidr_block": "10.0.0.0/16",
            "default_network_acl_id": "acl-01c27f17101a8638c",
            "default_route_table_id": "rtb-0a6da274121a5891a",
            "default_security_group_id": "sg-0dca1891fa0a0197f",
            "dhcp_options_id": "dopt-0da85f1e7c5220eeb",
            "enable_dns_hostnames": false,
            "enable_dns_support": true,
            "enable_network_address_usage_metrics": false,
            "id": "vpc-08f6559567556fd7d",
            "instance_tenancy": "default",
            "ipv4_ipam_pool_id": null,
            "ipv4_netmask_length": null,
            "ipv6_association_id": "",
            "ipv6_cidr_block": "",
            "ipv6_cidr_block_network_border_group": "",
            "ipv6_ipam_pool_id": "",
            "ipv6_netmask_length": 0,
            "main_route_table_id": "rtb-0a6da274121a5891a",
            "owner_id": "761421355173",
            "tags": {
              "Name": "Default"
            },
            "tags_all": {
              "Name": "Default"
            }
          },
          "sensitive_attributes": [],
          "private": "eyJzY2hlbWFfdmVyc2lvbiI6IjEifQ=="
        }
      ]
    }
  ],
  "check_results": null
}
